
Microsoft Visual Studio Solution File, Format Version 12.00
# Visual Studio Version 17
VisualStudioVersion = 17.10.35122.118
MinimumVisualStudioVersion = 10.0.40219.1
Project("{2150E333-8FDC-42A3-9474-1A3956D46DE8}") = "FrontEnd", "FrontEnd", "{AD2E58D7-F1C0-4651-8ABB-5746B5D65ED8}"
EndProject
Project("{2150E333-8FDC-42A3-9474-1A3956D46DE8}") = "Gateway", "Gateway", "{62BDF9BB-D224-49DA-9979-422B35EC11D4}"
EndProject
Project("{2150E333-8FDC-42A3-9474-1A3956D46DE8}") = "Integration", "Integration", "{D60C377F-34E9-4885-B2C5-27DEB8183C97}"
EndProject
Project("{2150E333-8FDC-42A3-9474-1A3956D46DE8}") = "Services", "Services", "{0C5F2849-23AA-47D0-9C4C-5D007F775C58}"
EndProject
Project("{9A19103F-16F7-4668-BE54-9A1E7A4F7556}") = "CouponAPI", "CouponAPI\CouponAPI.csproj", "{765A66BC-105D-47BC-8FB5-857434D69C90}"
EndProject
Project("{9A19103F-16F7-4668-BE54-9A1E7A4F7556}") = "Web", "Web\Web.csproj", "{08F68684-4B54-4C44-9E87-889BE2DA38C1}"
EndProject
Project("{9A19103F-16F7-4668-BE54-9A1E7A4F7556}") = "AuthAPI", "AuthAPI\AuthAPI.csproj", "{4A3028E5-C109-4860-AE72-9EBE7B23A4CC}"
EndProject
Project("{9A19103F-16F7-4668-BE54-9A1E7A4F7556}") = "ModelLibrary", "ModelLibrary\ModelLibrary.csproj", "{4B20D7BC-9404-4614-B70B-B048CD69D900}"
EndProject
Project("{FAE04EC0-301F-11D3-BF4B-00C04F79EFBC}") = "ProductAPI", "ProductAPI\ProductAPI.csproj", "{2B214077-FE5A-4549-B194-1048E489EA7D}"
EndProject
Project("{E53339B2-1760-4266-BCC7-CA923CBCF16C}") = "docker-compose", "docker-compose.dcproj", "{B4A40C34-B228-48B1-BD30-AE8F50AC2063}"
EndProject
Project("{FAE04EC0-301F-11D3-BF4B-00C04F79EFBC}") = "ShoppingCartAPI", "ShoppingCartAPI\ShoppingCartAPI.csproj", "{ED655A50-59FE-4BD4-AE9D-706ABC6FE55F}"
EndProject
Project("{FAE04EC0-301F-11D3-BF4B-00C04F79EFBC}") = "OcelotApiGateway", "OcelotApiGateway\OcelotApiGateway.csproj", "{93237857-1755-4C96-9A5F-A65A1ADE8D85}"
EndProject
Global
	GlobalSection(SolutionConfigurationPlatforms) = preSolution
		Debug|Any CPU = Debug|Any CPU
		Release|Any CPU = Release|Any CPU
	EndGlobalSection
	GlobalSection(ProjectConfigurationPlatforms) = postSolution
		{765A66BC-105D-47BC-8FB5-857434D69C90}.Debug|Any CPU.ActiveCfg = Debug|Any CPU
		{765A66BC-105D-47BC-8FB5-857434D69C90}.Debug|Any CPU.Build.0 = Debug|Any CPU
		{765A66BC-105D-47BC-8FB5-857434D69C90}.Release|Any CPU.ActiveCfg = Release|Any CPU
		{765A66BC-105D-47BC-8FB5-857434D69C90}.Release|Any CPU.Build.0 = Release|Any CPU
		{08F68684-4B54-4C44-9E87-889BE2DA38C1}.Debug|Any CPU.ActiveCfg = Debug|Any CPU
		{08F68684-4B54-4C44-9E87-889BE2DA38C1}.Debug|Any CPU.Build.0 = Debug|Any CPU
		{08F68684-4B54-4C44-9E87-889BE2DA38C1}.Release|Any CPU.ActiveCfg = Release|Any CPU
		{08F68684-4B54-4C44-9E87-889BE2DA38C1}.Release|Any CPU.Build.0 = Release|Any CPU
		{4A3028E5-C109-4860-AE72-9EBE7B23A4CC}.Debug|Any CPU.ActiveCfg = Debug|Any CPU
		{4A3028E5-C109-4860-AE72-9EBE7B23A4CC}.Debug|Any CPU.Build.0 = Debug|Any CPU
		{4A3028E5-C109-4860-AE72-9EBE7B23A4CC}.Release|Any CPU.ActiveCfg = Release|Any CPU
		{4A3028E5-C109-4860-AE72-9EBE7B23A4CC}.Release|Any CPU.Build.0 = Release|Any CPU
		{4B20D7BC-9404-4614-B70B-B048CD69D900}.Debug|Any CPU.ActiveCfg = Debug|Any CPU
		{4B20D7BC-9404-4614-B70B-B048CD69D900}.Debug|Any CPU.Build.0 = Debug|Any CPU
		{4B20D7BC-9404-4614-B70B-B048CD69D900}.Release|Any CPU.ActiveCfg = Release|Any CPU
		{4B20D7BC-9404-4614-B70B-B048CD69D900}.Release|Any CPU.Build.0 = Release|Any CPU
		{2B214077-FE5A-4549-B194-1048E489EA7D}.Debug|Any CPU.ActiveCfg = Debug|Any CPU
		{2B214077-FE5A-4549-B194-1048E489EA7D}.Debug|Any CPU.Build.0 = Debug|Any CPU
		{2B214077-FE5A-4549-B194-1048E489EA7D}.Release|Any CPU.ActiveCfg = Release|Any CPU
		{2B214077-FE5A-4549-B194-1048E489EA7D}.Release|Any CPU.Build.0 = Release|Any CPU
		{B4A40C34-B228-48B1-BD30-AE8F50AC2063}.Debug|Any CPU.ActiveCfg = Debug|Any CPU
		{B4A40C34-B228-48B1-BD30-AE8F50AC2063}.Debug|Any CPU.Build.0 = Debug|Any CPU
		{B4A40C34-B228-48B1-BD30-AE8F50AC2063}.Release|Any CPU.ActiveCfg = Release|Any CPU
		{B4A40C34-B228-48B1-BD30-AE8F50AC2063}.Release|Any CPU.Build.0 = Release|Any CPU
		{ED655A50-59FE-4BD4-AE9D-706ABC6FE55F}.Debug|Any CPU.ActiveCfg = Debug|Any CPU
		{ED655A50-59FE-4BD4-AE9D-706ABC6FE55F}.Debug|Any CPU.Build.0 = Debug|Any CPU
		{ED655A50-59FE-4BD4-AE9D-706ABC6FE55F}.Release|Any CPU.ActiveCfg = Release|Any CPU
		{ED655A50-59FE-4BD4-AE9D-706ABC6FE55F}.Release|Any CPU.Build.0 = Release|Any CPU
		{93237857-1755-4C96-9A5F-A65A1ADE8D85}.Debug|Any CPU.ActiveCfg = Debug|Any CPU
		{93237857-1755-4C96-9A5F-A65A1ADE8D85}.Debug|Any CPU.Build.0 = Debug|Any CPU
		{93237857-1755-4C96-9A5F-A65A1ADE8D85}.Release|Any CPU.ActiveCfg = Release|Any CPU
		{93237857-1755-4C96-9A5F-A65A1ADE8D85}.Release|Any CPU.Build.0 = Release|Any CPU
	EndGlobalSection
	GlobalSection(SolutionProperties) = preSolution
		HideSolutionNode = FALSE
	EndGlobalSection
	GlobalSection(NestedProjects) = preSolution
		{765A66BC-105D-47BC-8FB5-857434D69C90} = {0C5F2849-23AA-47D0-9C4C-5D007F775C58}
		{08F68684-4B54-4C44-9E87-889BE2DA38C1} = {AD2E58D7-F1C0-4651-8ABB-5746B5D65ED8}
		{4A3028E5-C109-4860-AE72-9EBE7B23A4CC} = {0C5F2849-23AA-47D0-9C4C-5D007F775C58}
		{4B20D7BC-9404-4614-B70B-B048CD69D900} = {0C5F2849-23AA-47D0-9C4C-5D007F775C58}
		{2B214077-FE5A-4549-B194-1048E489EA7D} = {0C5F2849-23AA-47D0-9C4C-5D007F775C58}
		{ED655A50-59FE-4BD4-AE9D-706ABC6FE55F} = {0C5F2849-23AA-47D0-9C4C-5D007F775C58}
		{93237857-1755-4C96-9A5F-A65A1ADE8D85} = {62BDF9BB-D224-49DA-9979-422B35EC11D4}
	EndGlobalSection
	GlobalSection(ExtensibilityGlobals) = postSolution
		SolutionGuid = {D2C3BA8D-6447-4A49-956D-96D5BAD70247}
	EndGlobalSection
EndGlobal
